{
  "name": "@studio/eslint-config",
  "version": "1.0.2",
  "lockfileVersion": 1,
  "requires": true,
  "dependencies": {
    "@studio/changes": {
      "version": "1.4.0",
      "resolved": "https://registry.npmjs.org/@studio/changes/-/changes-1.4.0.tgz",
      "integrity": "sha512-7Izs0/eNTMhIO6m0Zt+bfN7KAnfAyPDI4DD89qeeWVVeWTsWliGtC5dGh6YIz7gfX3ByWGrYFTG+p9NrMnVo1Q==",
      "dev": true,
      "requires": {
        "detect-indent": "5.0.0",
        "editor": "1.0.0",
        "minimist": "1.2.0"
      },
      "dependencies": {
        "editor": {
          "version": "1.0.0",
          "resolved": "https://registry.npmjs.org/editor/-/editor-1.0.0.tgz",
          "integrity": "sha1-YMf4e9YrzGqJT6jM1q+3gjok90I=",
          "dev": true
        }
      }
    },
    "detect-indent": {
      "version": "5.0.0",
      "resolved": "https://registry.npmjs.org/detect-indent/-/detect-indent-5.0.0.tgz",
      "integrity": "sha1-OHHMCmoALow+Wzz38zYmRnXwa50=",
      "dev": true
    },
    "minimist": {
      "version": "1.2.0",
      "resolved": "https://registry.npmjs.org/minimist/-/minimist-1.2.0.tgz",
      "integrity": "sha1-o1AIsg9BOD7sH7kU9M1d95omQoQ=",
      "dev": true
    }
  }
}
