{
  "name": "@studio/eslint-config",
  "version": "1.0.2",
  "lockfileVersion": 1,
  "requires": true,
  "dependencies": {
    "@studio/changes": {
      "version": "2.0.0",
      "resolved": "https://registry.npmjs.org/@studio/changes/-/changes-2.0.0.tgz",
      "integrity": "sha512-8laasvDpu3XXMh0pXYtQzq0qH5Zn5uiidirjYrt5UQayburqHgDPqK9AvGSD7eeVdDYvaXtb+Wh54UdaODARzQ==",
      "dev": true,
      "requires": {
        "@studio/editor": "^1.1.1",
        "@studio/json-request": "^3.0.0",
        "detect-indent": "^5.0.0",
        "hosted-git-info": "^3.0.2",
        "minimist": "^1.2.0"
      }
    },
    "@studio/editor": {
      "version": "1.1.1",
      "resolved": "https://registry.npmjs.org/@studio/editor/-/editor-1.1.1.tgz",
      "integrity": "sha512-7p8csYohtOi7rg+4SBd9EiartTymBO/wtDbnpdO7MzrgtN/uYFrtW1Q6TZ7zlClEe812J8Xs3HgjSUU/sU3JbQ==",
      "dev": true
    },
    "@studio/json-request": {
      "version": "3.0.0",
      "resolved": "https://registry.npmjs.org/@studio/json-request/-/json-request-3.0.0.tgz",
      "integrity": "sha512-qilHc9CHoM2aSr3L8s4amjYYGCznYCRVY6mQO/drZtrUZjXDaX20ZqrTnvmPlWJuFwc4/JyvFdvxAM9WXNNQmw==",
      "dev": true,
      "requires": {
        "@studio/log": "^2.0.0"
      }
    },
    "@studio/log": {
      "version": "2.0.0",
      "resolved": "https://registry.npmjs.org/@studio/log/-/log-2.0.0.tgz",
      "integrity": "sha512-E/+2/MgDNfCSKH32lgRhqWXqZizvAuPJw9iv1bXt6vVMUkuUObE3XEyYSR5pbdzJFH4igUyd1mF32aci5mK+VQ==",
      "dev": true,
      "requires": {
        "@studio/log-topics": "^1.0.0"
      }
    },
    "@studio/log-topics": {
      "version": "1.0.0",
      "resolved": "https://registry.npmjs.org/@studio/log-topics/-/log-topics-1.0.0.tgz",
      "integrity": "sha512-I+pV1dEOrw6cNwFMa5AChqbPxjQAjFS9xGs3us3OTDQKktkZtHNHCSVHsHEM0UkUTCJgS/4kXBWJdzAP/KVyfw==",
      "dev": true
    },
    "detect-indent": {
      "version": "5.0.0",
      "resolved": "https://registry.npmjs.org/detect-indent/-/detect-indent-5.0.0.tgz",
      "integrity": "sha1-OHHMCmoALow+Wzz38zYmRnXwa50=",
      "dev": true
    },
    "hosted-git-info": {
      "version": "3.0.4",
      "resolved": "https://registry.npmjs.org/hosted-git-info/-/hosted-git-info-3.0.4.tgz",
      "integrity": "sha512-4oT62d2jwSDBbLLFLZE+1vPuQ1h8p9wjrJ8Mqx5TjsyWmBMV5B13eJqn8pvluqubLf3cJPTfiYCIwNwDNmzScQ==",
      "dev": true,
      "requires": {
        "lru-cache": "^5.1.1"
      }
    },
    "lru-cache": {
      "version": "5.1.1",
      "resolved": "https://registry.npmjs.org/lru-cache/-/lru-cache-5.1.1.tgz",
      "integrity": "sha512-KpNARQA3Iwv+jTA0utUVVbrh+Jlrr1Fv0e56GGzAFOXN7dk/FviaDW8LHmK52DlcH4WP2n6gI8vN1aesBFgo9w==",
      "dev": true,
      "requires": {
        "yallist": "^3.0.2"
      }
    },
    "minimist": {
      "version": "1.2.4",
      "resolved": "https://registry.npmjs.org/minimist/-/minimist-1.2.4.tgz",
      "integrity": "sha512-wTiNDqe4D2rbTJGZk1qcdZgFtY0/r+iuE6GDT7V0/+Gu5MLpIDm4+CssDECR79OJs/OxLPXMzdxy153b5Qy3hg==",
      "dev": true
    },
    "yallist": {
      "version": "3.1.1",
      "resolved": "https://registry.npmjs.org/yallist/-/yallist-3.1.1.tgz",
      "integrity": "sha512-a4UGQaWPH59mOXUYnAG2ewncQS4i4F43Tv3JoAM+s2VDAmS9NsK8GpDMLrCHPksFT7h3K6TOoUNn2pb7RoXx4g==",
      "dev": true
    }
  }
}
